// !$*UTF8*$!
{
	archiveVersion = 1;
	classes = {
	};
	objectVersion = 77;
	objects = {

/* Begin PBXContainerItemProxy section */
		3FE9F6C42E654CBA00F524EB /* PBXContainerItemProxy */ = {
			isa = PBXContainerItemProxy;
			containerPortal = 3FE9F6AE2E654CB500F524EB /* Project object */;
			proxyType = 1;
			remoteGlobalIDString = 3FE9F6B52E654CB500F524EB;
			remoteInfo = AlienBreaker;
		};
		3FE9F6CE2E654CBA00F524EB /* PBXContainerItemProxy */ = {
			isa = PBXContainerItemProxy;
			containerPortal = 3FE9F6AE2E654CB500F524EB /* Project object */;
			proxyType = 1;
			remoteGlobalIDString = 3FE9F6B52E654CB500F524EB;
			remoteInfo = AlienBreaker;
		};
/* End PBXContainerItemProxy section */

/* Begin PBXFileReference section */
		3FE9F6B62E654CB500F524EB /* AlienBreaker.app */ = {isa = PBXFileReference; explicitFileType = wrapper.application; includeInIndex = 0; path = AlienBreaker.app; sourceTree = BUILT_PRODUCTS_DIR; };
		3FE9F6C32E654CBA00F524EB /* AlienBreakerTests.xctest */ = {isa = PBXFileReference; explicitFileType = wrapper.cfbundle; includeInIndex = 0; path = AlienBreakerTests.xctest; sourceTree = BUILT_PRODUCTS_DIR; };
		3FE9F6CD2E654CBA00F524EB /* AlienBreakerUITests.xctest */ = {isa = PBXFileReference; explicitFileType = wrapper.cfbundle; includeInIndex = 0; path = AlienBreakerUITests.xctest; sourceTree = BUILT_PRODUCTS_DIR; };
/* End PBXFileReference section */

/* Begin PBXFileSystemSynchronizedRootGroup section */
		3FE9F6B82E654CB500F524EB /* AlienBreaker */ = {
			isa = PBXFileSystemSynchronizedRootGroup;
			path = AlienBreaker;
			sourceTree = "<group>";
		};
		3FE9F6C62E654CBA00F524EB /* AlienBreakerTests */ = {
			isa = PBXFileSystemSynchronizedRootGroup;
			path = AlienBreakerTests;
			sourceTree = "<group>";
		};
		3FE9F6D02E654CBA00F524EB /* AlienBreakerUITests */ = {
			isa = PBXFileSystemSynchronizedRootGroup;
			path = AlienBreakerUITests;
			sourceTree = "<group>";
		};
/* End PBXFileSystemSynchronizedRootGroup section */

/* Begin PBXFrameworksBuildPhase section */
		3FE9F6B32E654CB500F524EB /* Frameworks */ = {
			isa = PBXFrameworksBuildPhase;
			buildActionMask = 2147483647;
			files = (
			);
			runOnlyForDeploymentPostprocessing = 0;
		};
		3FE9F6C02E654CBA00F524EB /* Frameworks */ = {
			isa = PBXFrameworksBuildPhase;
			buildActionMask = 2147483647;
			files = (
			);
			runOnlyForDeploymentPostprocessing = 0;
		};
		3FE9F6CA2E654CBA00F524EB /* Frameworks */ = {
			isa = PBXFrameworksBuildPhase;
			buildActionMask = 2147483647;
			files = (
			);
			runOnlyForDeploymentPostprocessing = 0;
		};
/* End PBXFrameworksBuildPhase section */

/* Begin PBXGroup section */
		3FE9F6AD2E654CB500F524EB = {
			isa = PBXGroup;
			children = (
				3FE9F6B82E654CB500F524EB /* AlienBreaker */,
				3FE9F6C62E654CBA00F524EB /* AlienBreakerTests */,
				3FE9F6D02E654CBA00F524EB /* AlienBreakerUITests */,
				3FE9F6B72E654CB500F524EB /* Products */,
			);
			sourceTree = "<group>";
		};
		3FE9F6B72E654CB500F524EB /* Products */ = {
			isa = PBXGroup;
			children = (
				3FE9F6B62E654CB500F524EB /* AlienBreaker.app */,
				3FE9F6C32E654CBA00F524EB /* AlienBreakerTests.xctest */,
				3FE9F6CD2E654CBA00F524EB /* AlienBreakerUITests.xctest */,
			);
			name = Products;
			sourceTree = "<group>";
		};
/* End PBXGroup section */

/* Begin PBXNativeTarget section */
		3FE9F6B52E654CB500F524EB /* AlienBreaker */ = {
			isa = PBXNativeTarget;
			buildConfigurationList = 3FE9F6D72E654CBA00F524EB /* Build configuration list for PBXNativeTarget "AlienBreaker" */;
			buildPhases = (
				3FE9F6B22E654CB500F524EB /* Sources */,
				3FE9F6B32E654CB500F524EB /* Frameworks */,
				3FE9F6B42E654CB500F524EB /* Resources */,
			);
			buildRules = (
			);
			dependencies = (
			);
			fileSystemSynchronizedGroups = (
				3FE9F6B82E654CB500F524EB /* AlienBreaker */,
			);
			name = AlienBreaker;
			packageProductDependencies = (
			);
			productName = AlienBreaker;
			productReference = 3FE9F6B62E654CB500F524EB /* AlienBreaker.app */;
			productType = "com.apple.product-type.application";
		};
		3FE9F6C22E654CBA00F524EB /* AlienBreakerTests */ = {
			isa = PBXNativeTarget;
			buildConfigurationList = 3FE9F6DA2E654CBA00F524EB /* Build configuration list for PBXNativeTarget "AlienBreakerTests" */;
			buildPhases = (
				3FE9F6BF2E654CBA00F524EB /* Sources */,
				3FE9F6C02E654CBA00F524EB /* Frameworks */,
				3FE9F6C12E654CBA00F524EB /* Resources */,
			);
			buildRules = (
			);
			dependencies = (
				3FE9F6C52E654CBA00F524EB /* PBXTargetDependency */,
			);
			fileSystemSynchronizedGroups = (
				3FE9F6C62E654CBA00F524EB /* AlienBreakerTests */,
			);
			name = AlienBreakerTests;
			packageProductDependencies = (
			);
			productName = AlienBreakerTests;
			productReference = 3FE9F6C32E654CBA00F524EB /* AlienBreakerTests.xctest */;
			productType = "com.apple.product-type.bundle.unit-test";
		};
		3FE9F6CC2E654CBA00F524EB /* AlienBreakerUITests */ = {
			isa = PBXNativeTarget;
			buildConfigurationList = 3FE9F6DD2E654CBA00F524EB /* Build configuration list for PBXNativeTarget "AlienBreakerUITests" */;
			buildPhases = (
				3FE9F6C92E654CBA00F524EB /* Sources */,
				3FE9F6CA2E654CBA00F524EB /* Frameworks */,
				3FE9F6CB2E654CBA00F524EB /* Resources */,
			);
			buildRules = (
			);
			dependencies = (
				3FE9F6CF2E654CBA00F524EB /* PBXTargetDependency */,
			);
			fileSystemSynchronizedGroups = (
				3FE9F6D02E654CBA00F524EB /* AlienBreakerUITests */,
			);
			name = AlienBreakerUITests;
			packageProductDependencies = (
			);
			productName = AlienBreakerUITests;
			productReference = 3FE9F6CD2E654CBA00F524EB /* AlienBreakerUITests.xctest */;
			productType = "com.apple.product-type.bundle.ui-testing";
		};
/* End PBXNativeTarget section */

/* Begin PBXProject section */
		3FE9F6AE2E654CB500F524EB /* Project object */ = {
			isa = PBXProject;
			attributes = {
				BuildIndependentTargetsInParallel = 1;
				LastSwiftUpdateCheck = 1640;
				LastUpgradeCheck = 1640;
				TargetAttributes = {
					3FE9F6B52E654CB500F524EB = {
						CreatedOnToolsVersion = 16.4;
					};
					3FE9F6C22E654CBA00F524EB = {
						CreatedOnToolsVersion = 16.4;
						TestTargetID = 3FE9F6B52E654CB500F524EB;
					};
					3FE9F6CC2E654CBA00F524EB = {
						CreatedOnToolsVersion = 16.4;
						TestTargetID = 3FE9F6B52E654CB500F524EB;
					};
				};
			};
			buildConfigurationList = 3FE9F6B12E654CB500F524EB /* Build configuration list for PBXProject "AlienBreaker" */;
			developmentRegion = en;
			hasScannedForEncodings = 0;
			knownRegions = (
				en,
				Base,
			);
			mainGroup = 3FE9F6AD2E654CB500F524EB;
			minimizedProjectReferenceProxies = 1;
			preferredProjectObjectVersion = 77;
			productRefGroup = 3FE9F6B72E654CB500F524EB /* Products */;
			projectDirPath = "";
			projectRoot = "";
			targets = (
				3FE9F6B52E654CB500F524EB /* AlienBreaker */,
				3FE9F6C22E654CBA00F524EB /* AlienBreakerTests */,
				3FE9F6CC2E654CBA00F524EB /* AlienBreakerUITests */,
			);
		};
/* End PBXProject section */

/* Begin PBXResourcesBuildPhase section */
		3FE9F6B42E654CB500F524EB /* Resources */ = {
			isa = PBXResourcesBuildPhase;
			buildActionMask = 2147483647;
			files = (
			);
			runOnlyForDeploymentPostprocessing = 0;
		};
		3FE9F6C12E654CBA00F524EB /* Resources */ = {
			isa = PBXResourcesBuildPhase;
			buildActionMask = 2147483647;
			files = (
			);
			runOnlyForDeploymentPostprocessing = 0;
		};
		3FE9F6CB2E654CBA00F524EB /* Resources */ = {
			isa = PBXResourcesBuildPhase;
			buildActionMask = 2147483647;
			files = (
			);
			runOnlyForDeploymentPostprocessing = 0;
		};
/* End PBXResourcesBuildPhase section */

/* Begin PBXSourcesBuildPhase section */
		3FE9F6B22E654CB500F524EB /* Sources */ = {
			isa = PBXSourcesBuildPhase;
			buildActionMask = 2147483647;
			files = (
			);
			runOnlyForDeploymentPostprocessing = 0;
		};
		3FE9F6BF2E654CBA00F524EB /* Sources */ = {
			isa = PBXSourcesBuildPhase;
			buildActionMask = 2147483647;
			files = (
			);
			runOnlyForDeploymentPostprocessing = 0;
		};
		3FE9F6C92E654CBA00F524EB /* Sources */ = {
			isa = PBXSourcesBuildPhase;
			buildActionMask = 2147483647;
			files = (
			);
			runOnlyForDeploymentPostprocessing = 0;
		};
/* End PBXSourcesBuildPhase section */

/* Begin PBXTargetDependency section */
		3FE9F6C52E654CBA00F524EB /* PBXTargetDependency */ = {
			isa = PBXTargetDependency;
			target = 3FE9F6B52E654CB500F524EB /* AlienBreaker */;
			targetProxy = 3FE9F6C42E654CBA00F524EB /* PBXContainerItemProxy */;
		};
		3FE9F6CF2E654CBA00F524EB /* PBXTargetDependency */ = {
			isa = PBXTargetDependency;
			target = 3FE9F6B52E654CB500F524EB /* AlienBreaker */;
			targetProxy = 3FE9F6CE2E654CBA00F524EB /* PBXContainerItemProxy */;
		};
/* End PBXTargetDependency section */

/* Begin XCBuildConfiguration section */
		3FE9F6D52E654CBA00F524EB /* Debug */ = {
			isa = XCBuildConfiguration;
			buildSettings = {
				ALWAYS_SEARCH_USER_PATHS = NO;
				ASSETCATALOG_COMPILER_GENERATE_SWIFT_ASSET_SYMBOL_EXTENSIONS = YES;
				CLANG_ANALYZER_NONNULL = YES;
				CLANG_ANALYZER_NUMBER_OBJECT_CONVERSION = YES_AGGRESSIVE;
				CLANG_CXX_LANGUAGE_STANDARD = "gnu++20";
				CLANG_ENABLE_MODULES = YES;
				CLANG_ENABLE_OBJC_ARC = YES;
				CLANG_ENABLE_OBJC_WEAK = YES;
				CLANG_WARN_BLOCK_CAPTURE_AUTORELEASING = YES;
				CLANG_WARN_BOOL_CONVERSION = YES;
				CLANG_WARN_COMMA = YES;
				CLANG_WARN_CONSTANT_CONVERSION = YES;
				CLANG_WARN_DEPRECATED_OBJC_IMPLEMENTATIONS = YES;
				CLANG_WARN_DIRECT_OBJC_ISA_USAGE = YES_ERROR;
				CLANG_WARN_DOCUMENTATION_COMMENTS = YES;
				CLANG_WARN_EMPTY_BODY = YES;
				CLANG_WARN_ENUM_CONVERSION = YES;
				CLANG_WARN_INFINITE_RECURSION = YES;
				CLANG_WARN_INT_CONVERSION = YES;
				CLANG_WARN_NON_LITERAL_NULL_CONVERSION = YES;
				CLANG_WARN_OBJC_IMPLICIT_RETAIN_SELF = YES;
				CLANG_WARN_OBJC_LITERAL_CONVERSION = YES;
				CLANG_WARN_OBJC_ROOT_CLASS = YES_ERROR;
				CLANG_WARN_QUOTED_INCLUDE_IN_FRAMEWORK_HEADER = YES;
				CLANG_WARN_RANGE_LOOP_ANALYSIS = YES;
				CLANG_WARN_STRICT_PROTOTYPES = YES;
				CLANG_WARN_SUSPICIOUS_MOVE = YES;
				CLANG_WARN_UNGUARDED_AVAILABILITY = YES_AGGRESSIVE;
				CLANG_WARN_UNREACHABLE_CODE = YES;
				CLANG_WARN__DUPLICATE_METHOD_MATCH = YES;
				COPY_PHASE_STRIP = NO;
				DEBUG_INFORMATION_FORMAT = dwarf;
				DEVELOPMENT_TEAM = 689286JZWP;
				ENABLE_STRICT_OBJC_MSGSEND = YES;
				ENABLE_TESTABILITY = YES;
				ENABLE_USER_SCRIPT_SANDBOXING = YES;
				GCC_C_LANGUAGE_STANDARD = gnu17;
				GCC_DYNAMIC_NO_PIC = NO;
				GCC_NO_COMMON_BLOCKS = YES;
				GCC_OPTIMIZATION_LEVEL = 0;
				GCC_PREPROCESSOR_DEFINITIONS = (
					"DEBUG=1",
					"$(inherited)",
				);
				GCC_WARN_64_TO_32_BIT_CONVERSION = YES;
				GCC_WARN_ABOUT_RETURN_TYPE = YES_ERROR;
				GCC_WARN_UNDECLARED_SELECTOR = YES;
				GCC_WARN_UNINITIALIZED_AUTOS = YES_AGGRESSIVE;
				GCC_WARN_UNUSED_FUNCTION = YES;
				GCC_WARN_UNUSED_VARIABLE = YES;
				IPHONEOS_DEPLOYMENT_TARGET = 18.5;
				LOCALIZATION_PREFERS_STRING_CATALOGS = YES;
				MTL_ENABLE_DEBUG_INFO = INCLUDE_SOURCE;
				MTL_FAST_MATH = YES;
				ONLY_ACTIVE_ARCH = YES;
				SDKROOT = iphoneos;
				SWIFT_ACTIVE_COMPILATION_CONDITIONS = "DEBUG $(inherited)";
				SWIFT_OPTIMIZATION_LEVEL = "-Onone";
			};
			name = Debug;
		};
		3FE9F6D62E654CBA00F524EB /* Release */ = {
			isa = XCBuildConfiguration;
			buildSettings = {
				ALWAYS_SEARCH_USER_PATHS = NO;
				ASSETCATALOG_COMPILER_GENERATE_SWIFT_ASSET_SYMBOL_EXTENSIONS = YES;
				CLANG_ANALYZER_NONNULL = YES;
				CLANG_ANALYZER_NUMBER_OBJECT_CONVERSION = YES_AGGRESSIVE;
				CLANG_CXX_LANGUAGE_STANDARD = "gnu++20";
				CLANG_ENABLE_MODULES = YES;
				CLANG_ENABLE_OBJC_ARC = YES;
				CLANG_ENABLE_OBJC_WEAK = YES;
				CLANG_WARN_BLOCK_CAPTURE_AUTORELEASING = YES;
				CLANG_WARN_BOOL_CONVERSION = YES;
				CLANG_WARN_COMMA = YES;
				CLANG_WARN_CONSTANT_CONVERSION = YES;
				CLANG_WARN_DEPRECATED_OBJC_IMPLEMENTATIONS = YES;
				CLANG_WARN_DIRECT_OBJC_ISA_USAGE = YES_ERROR;
				CLANG_WARN_DOCUMENTATION_COMMENTS = YES;
				CLANG_WARN_EMPTY_BODY = YES;
				CLANG_WARN_ENUM_CONVERSION = YES;
				CLANG_WARN_INFINITE_RECURSION = YES;
				CLANG_WARN_INT_CONVERSION = YES;
				CLANG_WARN_NON_LITERAL_NULL_CONVERSION = YES;
				CLANG_WARN_OBJC_IMPLICIT_RETAIN_SELF = YES;
				CLANG_WARN_OBJC_LITERAL_CONVERSION = YES;
				CLANG_WARN_OBJC_ROOT_CLASS = YES_ERROR;
				CLANG_WARN_QUOTED_INCLUDE_IN_FRAMEWORK_HEADER = YES;
				CLANG_WARN_RANGE_LOOP_ANALYSIS = YES;
				CLANG_WARN_STRICT_PROTOTYPES = YES;
				CLANG_WARN_SUSPICIOUS_MOVE = YES;
				CLANG_WARN_UNGUARDED_AVAILABILITY = YES_AGGRESSIVE;
				CLANG_WARN_UNREACHABLE_CODE = YES;
				CLANG_WARN__DUPLICATE_METHOD_MATCH = YES;
				COPY_PHASE_STRIP = NO;
				DEBUG_INFORMATION_FORMAT = "dwarf-with-dsym";
				DEVELOPMENT_TEAM = 689286JZWP;
				ENABLE_NS_ASSERTIONS = NO;
				ENABLE_STRICT_OBJC_MSGSEND = YES;
				ENABLE_USER_SCRIPT_SANDBOXING = YES;
				GCC_C_LANGUAGE_STANDARD = gnu17;
				GCC_NO_COMMON_BLOCKS = YES;
				GCC_WARN_64_TO_32_BIT_CONVERSION = YES;
				GCC_WARN_ABOUT_RETURN_TYPE = YES_ERROR;
				GCC_WARN_UNDECLARED_SELECTOR = YES;
				GCC_WARN_UNINITIALIZED_AUTOS = YES_AGGRESSIVE;
				GCC_WARN_UNUSED_FUNCTION = YES;
				GCC_WARN_UNUSED_VARIABLE = YES;
				IPHONEOS_DEPLOYMENT_TARGET = 18.5;
				LOCALIZATION_PREFERS_STRING_CATALOGS = YES;
				MTL_ENABLE_DEBUG_INFO = NO;
				MTL_FAST_MATH = YES;
				SDKROOT = iphoneos;
				SWIFT_COMPILATION_MODE = wholemodule;
				VALIDATE_PRODUCT = YES;
			};
			name = Release;
		};
		3FE9F6D82E654CBA00F524EB /* Debug */ = {
			isa = XCBuildConfiguration;
			buildSettings = {
				ASSETCATALOG_COMPILER_APPICON_NAME = AppIcon;
				ASSETCATALOG_COMPILER_GLOBAL_ACCENT_COLOR_NAME = AccentColor;
				CODE_SIGN_STYLE = Automatic;
				CURRENT_PROJECT_VERSION = 1;
				DEVELOPMENT_TEAM = 689286JZWP;
				ENABLE_PREVIEWS = YES;
				GENERATE_INFOPLIST_FILE = YES;
				INFOPLIST_KEY_UIApplicationSceneManifest_Generation = YES;
				INFOPLIST_KEY_UIApplicationSupportsIndirectInputEvents = YES;
				INFOPLIST_KEY_UILaunchScreen_Generation = YES;
				INFOPLIST_KEY_UISupportedInterfaceOrientations_iPad = "UIInterfaceOrientationPortrait UIInterfaceOrientationPortraitUpsideDown UIInterfaceOrientationLandscapeLeft UIInterfaceOrientationLandscapeRight";
				INFOPLIST_KEY_UISupportedInterfaceOrientations_iPhone = "UIInterfaceOrientationPortrait UIInterfaceOrientationLandscapeLeft UIInterfaceOrientationLandscapeRight";
				LD_RUNPATH_SEARCH_PATHS = (
					"$(inherited)",
					"@executable_path/Frameworks",
				);
				MARKETING_VERSION = 1.0;
				PRODUCT_BUNDLE_IDENTIFIER = "de.cocoa-coding.AlienBreaker";
				PRODUCT_NAME = "$(TARGET_NAME)";
				SWIFT_EMIT_LOC_STRINGS = YES;
				SWIFT_VERSION = 5.0;
				TARGETED_DEVICE_FAMILY = "1,2";
			};
			name = Debug;
		};
		3FE9F6D92E654CBA00F524EB /* Release */ = {
			isa = XCBuildConfiguration;
			buildSettings = {
				ASSETCATALOG_COMPILER_APPICON_NAME = AppIcon;
				ASSETCATALOG_COMPILER_GLOBAL_ACCENT_COLOR_NAME = AccentColor;
				CODE_SIGN_STYLE = Automatic;
				CURRENT_PROJECT_VERSION = 1;
				DEVELOPMENT_TEAM = 689286JZWP;
				ENABLE_PREVIEWS = YES;
				GENERATE_INFOPLIST_FILE = YES;
				INFOPLIST_KEY_UIApplicationSceneManifest_Generation = YES;
				INFOPLIST_KEY_UIApplicationSupportsIndirectInputEvents = YES;
				INFOPLIST_KEY_UILaunchScreen_Generation = YES;
				INFOPLIST_KEY_UISupportedInterfaceOrientations_iPad = "UIInterfaceOrientationPortrait UIInterfaceOrientationPortraitUpsideDown UIInterfaceOrientationLandscapeLeft UIInterfaceOrientationLandscapeRight";
				INFOPLIST_KEY_UISupportedInterfaceOrientations_iPhone = "UIInterfaceOrientationPortrait UIInterfaceOrientationLandscapeLeft UIInterfaceOrientationLandscapeRight";
				LD_RUNPATH_SEARCH_PATHS = (
					"$(inherited)",
					"@executable_path/Frameworks",
				);
				MARKETING_VERSION = 1.0;
				PRODUCT_BUNDLE_IDENTIFIER = "de.cocoa-coding.AlienBreaker";
				PRODUCT_NAME = "$(TARGET_NAME)";
				SWIFT_EMIT_LOC_STRINGS = YES;
				SWIFT_VERSION = 5.0;
				TARGETED_DEVICE_FAMILY = "1,2";
			};
			name = Release;
		};
		3FE9F6DB2E654CBA00F524EB /* Debug */ = {
			isa = XCBuildConfiguration;
			buildSettings = {
				BUNDLE_LOADER = "$(TEST_HOST)";
				CODE_SIGN_STYLE = Automatic;
				CURRENT_PROJECT_VERSION = 1;
				DEVELOPMENT_TEAM = 689286JZWP;
				GENERATE_INFOPLIST_FILE = YES;
				IPHONEOS_DEPLOYMENT_TARGET = 18.5;
				MARKETING_VERSION = 1.0;
				PRODUCT_BUNDLE_IDENTIFIER = "de.cocoa-coding.AlienBreakerTests";
				PRODUCT_NAME = "$(TARGET_NAME)";
				SWIFT_EMIT_LOC_STRINGS = NO;
				SWIFT_VERSION = 5.0;
				TARGETED_DEVICE_FAMILY = "1,2";
				TEST_HOST = "$(BUILT_PRODUCTS_DIR)/AlienBreaker.app/$(BUNDLE_EXECUTABLE_FOLDER_PATH)/AlienBreaker";
			};
			name = Debug;
		};
		3FE9F6DC2E654CBA00F524EB /* Release */ = {
			isa = XCBuildConfiguration;
			buildSettings = {
				BUNDLE_LOADER = "$(TEST_HOST)";
				CODE_SIGN_STYLE = Automatic;
				CURRENT_PROJECT_VERSION = 1;
				DEVELOPMENT_TEAM = 689286JZWP;
				GENERATE_INFOPLIST_FILE = YES;
				IPHONEOS_DEPLOYMENT_TARGET = 18.5;
				MARKETING_VERSION = 1.0;
				PRODUCT_BUNDLE_IDENTIFIER = "de.cocoa-coding.AlienBreakerTests";
				PRODUCT_NAME = "$(TARGET_NAME)";
				SWIFT_EMIT_LOC_STRINGS = NO;
				SWIFT_VERSION = 5.0;
				TARGETED_DEVICE_FAMILY = "1,2";
				TEST_HOST = "$(BUILT_PRODUCTS_DIR)/AlienBreaker.app/$(BUNDLE_EXECUTABLE_FOLDER_PATH)/AlienBreaker";
			};
			name = Release;
		};
		3FE9F6DE2E654CBA00F524EB /* Debug */ = {
			isa = XCBuildConfiguration;
			buildSettings = {
				CODE_SIGN_STYLE = Automatic;
				CURRENT_PROJECT_VERSION = 1;
				DEVELOPMENT_TEAM = 689286JZWP;
				GENERATE_INFOPLIST_FILE = YES;
				MARKETING_VERSION = 1.0;
				PRODUCT_BUNDLE_IDENTIFIER = "de.cocoa-coding.AlienBreakerUITests";
				PRODUCT_NAME = "$(TARGET_NAME)";
				SWIFT_EMIT_LOC_STRINGS = NO;
				SWIFT_VERSION = 5.0;
				TARGETED_DEVICE_FAMILY = "1,2";
				TEST_TARGET_NAME = AlienBreaker;
			};
			name = Debug;
		};
		3FE9F6DF2E654CBA00F524EB /* Release */ = {
			isa = XCBuildConfiguration;
			buildSettings = {
				CODE_SIGN_STYLE = Automatic;
				CURRENT_PROJECT_VERSION = 1;
				DEVELOPMENT_TEAM = 689286JZWP;
				GENERATE_INFOPLIST_FILE = YES;
				MARKETING_VERSION = 1.0;
				PRODUCT_BUNDLE_IDENTIFIER = "de.cocoa-coding.AlienBreakerUITests";
				PRODUCT_NAME = "$(TARGET_NAME)";
				SWIFT_EMIT_LOC_STRINGS = NO;
				SWIFT_VERSION = 5.0;
				TARGETED_DEVICE_FAMILY = "1,2";
				TEST_TARGET_NAME = AlienBreaker;
			};
			name = Release;
		};
/* End XCBuildConfiguration section */

/* Begin XCConfigurationList section */
		3FE9F6B12E654CB500F524EB /* Build configuration list for PBXProject "AlienBreaker" */ = {
			isa = XCConfigurationList;
			buildConfigurations = (
				3FE9F6D52E654CBA00F524EB /* Debug */,
				3FE9F6D62E654CBA00F524EB /* Release */,
			);
			defaultConfigurationIsVisible = 0;
			defaultConfigurationName = Release;
		};
		3FE9F6D72E654CBA00F524EB /* Build configuration list for PBXNativeTarget "AlienBreaker" */ = {
			isa = XCConfigurationList;
			buildConfigurations = (
				3FE9F6D82E654CBA00F524EB /* Debug */,
				3FE9F6D92E654CBA00F524EB /* Release */,
			);
			defaultConfigurationIsVisible = 0;
			defaultConfigurationName = Release;
		};
		3FE9F6DA2E654CBA00F524EB /* Build configuration list for PBXNativeTarget "AlienBreakerTests" */ = {
			isa = XCConfigurationList;
			buildConfigurations = (
				3FE9F6DB2E654CBA00F524EB /* Debug */,
				3FE9F6DC2E654CBA00F524EB /* Release */,
			);
			defaultConfigurationIsVisible = 0;
			defaultConfigurationName = Release;
		};
		3FE9F6DD2E654CBA00F524EB /* Build configuration list for PBXNativeTarget "AlienBreakerUITests" */ = {
			isa = XCConfigurationList;
			buildConfigurations = (
				3FE9F6DE2E654CBA00F524EB /* Debug */,
				3FE9F6DF2E654CBA00F524EB /* Release */,
			);
			defaultConfigurationIsVisible = 0;
			defaultConfigurationName = Release;
		};
/* End XCConfigurationList section */
	};
	rootObject = 3FE9F6AE2E654CB500F524EB /* Project object */;
}
